
Microsoft Visual Studio Solution File, Format Version 12.00
# Visual Studio Version 17
VisualStudioVersion = 17.6.33815.320
MinimumVisualStudioVersion = 10.0.40219.1
Project("{FAE04EC0-301F-11D3-BF4B-00C04F79EFBC}") = "Portfolio", "Portfolio.csproj", "{B3B04221-9770-4476-ABC0-6D9CD043FA52}"
EndProject
Global
	GlobalSection(SolutionConfigurationPlatforms) = preSolution
		Debug|Any CPU = Debug|Any CPU
		Release|Any CPU = Release|Any CPU
	EndGlobalSection
	GlobalSection(ProjectConfigurationPlatforms) = postSolution
		{B3B04221-9770-4476-ABC0-6D9CD043FA52}.Debug|Any CPU.ActiveCfg = Debug|Any CPU
		{B3B04221-9770-4476-ABC0-6D9CD043FA52}.Debug|Any CPU.Build.0 = Debug|Any CPU
		{B3B04221-9770-4476-ABC0-6D9CD043FA52}.Release|Any CPU.ActiveCfg = Release|Any CPU
		{B3B04221-9770-4476-ABC0-6D9CD043FA52}.Release|Any CPU.Build.0 = Release|Any CPU
	EndGlobalSection
	GlobalSection(SolutionProperties) = preSolution
		HideSolutionNode = FALSE
	EndGlobalSection
	GlobalSection(ExtensibilityGlobals) = postSolution
		SolutionGuid = {A0BCE103-99F4-497E-AF26-190FFECEBC13}
	EndGlobalSection
EndGlobal
